
Microsoft Visual Studio Solution File, Format Version 12.00
Project("{FAE04EC0-301F-11D3-BF4B-00C04F79EFBC}") = "Practice", "Practice.csproj", "{EC958B55-396D-4BA7-9627-6EDDBBC20C15}"
EndProject
Global
	GlobalSection(SolutionConfigurationPlatforms) = preSolution
		Debug|Any CPU = Debug|Any CPU
		Release|Any CPU = Release|Any CPU
	EndGlobalSection
	GlobalSection(ProjectConfigurationPlatforms) = postSolution
		{EC958B55-396D-4BA7-9627-6EDDBBC20C15}.Debug|Any CPU.ActiveCfg = Debug|Any CPU
		{EC958B55-396D-4BA7-9627-6EDDBBC20C15}.Debug|Any CPU.Build.0 = Debug|Any CPU
		{EC958B55-396D-4BA7-9627-6EDDBBC20C15}.Release|Any CPU.ActiveCfg = Release|Any CPU
		{EC958B55-396D-4BA7-9627-6EDDBBC20C15}.Release|Any CPU.Build.0 = Release|Any CPU
	EndGlobalSection
EndGlobal
